
Microsoft Visual Studio Solution File, Format Version 12.00
# Visual Studio Version 16
VisualStudioVersion = 16.0.36422.26
MinimumVisualStudioVersion = 10.0.40219.1
Project("{FAE04EC0-301F-11D3-BF4B-00C04F79EFBC}") = "DolarToPesoAndYen", "DolarToPesoAndYen\DolarToPesoAndYen.csproj", "{17585B3F-AB60-4368-9BA6-A7E77DE3FA66}"
EndProject
Global
	GlobalSection(SolutionConfigurationPlatforms) = preSolution
		Debug|Any CPU = Debug|Any CPU
		Release|Any CPU = Release|Any CPU
	EndGlobalSection
	GlobalSection(ProjectConfigurationPlatforms) = postSolution
		{17585B3F-AB60-4368-9BA6-A7E77DE3FA66}.Debug|Any CPU.ActiveCfg = Debug|Any CPU
		{17585B3F-AB60-4368-9BA6-A7E77DE3FA66}.Debug|Any CPU.Build.0 = Debug|Any CPU
		{17585B3F-AB60-4368-9BA6-A7E77DE3FA66}.Release|Any CPU.ActiveCfg = Release|Any CPU
		{17585B3F-AB60-4368-9BA6-A7E77DE3FA66}.Release|Any CPU.Build.0 = Release|Any CPU
	EndGlobalSection
	GlobalSection(SolutionProperties) = preSolution
		HideSolutionNode = FALSE
	EndGlobalSection
	GlobalSection(ExtensibilityGlobals) = postSolution
		SolutionGuid = {E99916DC-6971-4EDE-B9EB-249B5512EF52}
	EndGlobalSection
EndGlobal
