
Microsoft Visual Studio Solution File, Format Version 12.00
# Visual Studio Version 16
VisualStudioVersion = 16.0.36602.28
MinimumVisualStudioVersion = 10.0.40219.1
Project("{FAE04EC0-301F-11D3-BF4B-00C04F79EFBC}") = "SimCardRegistrationForm", "SimCardRegistrationForm\SimCardRegistrationForm.csproj", "{5BFEDFDB-282B-4228-9640-78DC701A391F}"
EndProject
Global
	GlobalSection(SolutionConfigurationPlatforms) = preSolution
		Debug|Any CPU = Debug|Any CPU
		Release|Any CPU = Release|Any CPU
	EndGlobalSection
	GlobalSection(ProjectConfigurationPlatforms) = postSolution
		{5BFEDFDB-282B-4228-9640-78DC701A391F}.Debug|Any CPU.ActiveCfg = Debug|Any CPU
		{5BFEDFDB-282B-4228-9640-78DC701A391F}.Debug|Any CPU.Build.0 = Debug|Any CPU
		{5BFEDFDB-282B-4228-9640-78DC701A391F}.Release|Any CPU.ActiveCfg = Release|Any CPU
		{5BFEDFDB-282B-4228-9640-78DC701A391F}.Release|Any CPU.Build.0 = Release|Any CPU
	EndGlobalSection
	GlobalSection(SolutionProperties) = preSolution
		HideSolutionNode = FALSE
	EndGlobalSection
	GlobalSection(ExtensibilityGlobals) = postSolution
		SolutionGuid = {1333A0CF-4489-4022-8234-EEB770C257E2}
	EndGlobalSection
EndGlobal
