
Microsoft Visual Studio Solution File, Format Version 12.00
# Visual Studio Version 16
VisualStudioVersion = 16.0.36422.26
MinimumVisualStudioVersion = 10.0.40219.1
Project("{FAE04EC0-301F-11D3-BF4B-00C04F79EFBC}") = "PrimeCompositeChecker", "PrimeCompositeChecker\PrimeCompositeChecker.csproj", "{5B578BC0-0F93-4992-B6EF-6E8FFDEEE474}"
EndProject
Global
	GlobalSection(SolutionConfigurationPlatforms) = preSolution
		Debug|Any CPU = Debug|Any CPU
		Release|Any CPU = Release|Any CPU
	EndGlobalSection
	GlobalSection(ProjectConfigurationPlatforms) = postSolution
		{5B578BC0-0F93-4992-B6EF-6E8FFDEEE474}.Debug|Any CPU.ActiveCfg = Debug|Any CPU
		{5B578BC0-0F93-4992-B6EF-6E8FFDEEE474}.Debug|Any CPU.Build.0 = Debug|Any CPU
		{5B578BC0-0F93-4992-B6EF-6E8FFDEEE474}.Release|Any CPU.ActiveCfg = Release|Any CPU
		{5B578BC0-0F93-4992-B6EF-6E8FFDEEE474}.Release|Any CPU.Build.0 = Release|Any CPU
	EndGlobalSection
	GlobalSection(SolutionProperties) = preSolution
		HideSolutionNode = FALSE
	EndGlobalSection
	GlobalSection(ExtensibilityGlobals) = postSolution
		SolutionGuid = {82F48CAE-7CD8-4704-963E-86A263F6F400}
	EndGlobalSection
EndGlobal
