
Microsoft Visual Studio Solution File, Format Version 12.00
# Visual Studio Version 16
VisualStudioVersion = 16.0.36324.18
MinimumVisualStudioVersion = 10.0.40219.1
Project("{FAE04EC0-301F-11D3-BF4B-00C04F79EFBC}") = "PalindromeChecker", "PalindromeChecker\PalindromeChecker.csproj", "{49E3C583-9677-464F-B9D1-F07C7219B6AE}"
EndProject
Global
	GlobalSection(SolutionConfigurationPlatforms) = preSolution
		Debug|Any CPU = Debug|Any CPU
		Release|Any CPU = Release|Any CPU
	EndGlobalSection
	GlobalSection(ProjectConfigurationPlatforms) = postSolution
		{49E3C583-9677-464F-B9D1-F07C7219B6AE}.Debug|Any CPU.ActiveCfg = Debug|Any CPU
		{49E3C583-9677-464F-B9D1-F07C7219B6AE}.Debug|Any CPU.Build.0 = Debug|Any CPU
		{49E3C583-9677-464F-B9D1-F07C7219B6AE}.Release|Any CPU.ActiveCfg = Release|Any CPU
		{49E3C583-9677-464F-B9D1-F07C7219B6AE}.Release|Any CPU.Build.0 = Release|Any CPU
	EndGlobalSection
	GlobalSection(SolutionProperties) = preSolution
		HideSolutionNode = FALSE
	EndGlobalSection
	GlobalSection(ExtensibilityGlobals) = postSolution
		SolutionGuid = {12E9F22A-8796-48AA-9AC5-1DA5AD6A39A3}
	EndGlobalSection
EndGlobal
